# THIS IS AN AUTOGENERATED FILE. DO NOT EDIT THIS FILE DIRECTLY.
# yarn lockfile v1


array-includes@^3.0.2:
  version "3.0.3"
  resolved "https://registry.yarnpkg.com/array-includes/-/array-includes-3.0.3.tgz#184b48f62d92d7452bb31b323165c7f8bd02266d"
  dependencies:
    define-properties "^1.1.2"
    es-abstract "^1.7.0"

balanced-match@^1.0.0:
  version "1.0.0"
  resolved "https://registry.yarnpkg.com/balanced-match/-/balanced-match-1.0.0.tgz#89b4d199ab2bee49de164ea02b89ce462d71b767"

brace-expansion@^1.1.7:
  version "1.1.8"
  resolved "https://registry.yarnpkg.com/brace-expansion/-/brace-expansion-1.1.8.tgz#c07b211c7c952ec1f8efd51a77ef0d1d3990a292"
  dependencies:
    balanced-match "^1.0.0"
    concat-map "0.0.1"

browser-stdout@1.3.0:
  version "1.3.0"
  resolved "https://registry.yarnpkg.com/browser-stdout/-/browser-stdout-1.3.0.tgz#f351d32969d32fa5d7a5567154263d928ae3bd1f"

commander@2.11.0:
  version "2.11.0"
  resolved "https://registry.yarnpkg.com/commander/-/commander-2.11.0.tgz#157152fd1e7a6c8d98a5b715cf376df928004563"

concat-map@0.0.1:
  version "0.0.1"
  resolved "https://registry.yarnpkg.com/concat-map/-/concat-map-0.0.1.tgz#d8a96bd77fd68df7793a73036a3ba0d5405d477b"

conventional-commit-types@^2.0.0:
  version "2.2.0"
  resolved "https://registry.yarnpkg.com/conventional-commit-types/-/conventional-commit-types-2.2.0.tgz#5db95739d6c212acbe7b6f656a11b940baa68946"

cz-conventional-changelog@^2.1.0:
  version "2.1.0"
  resolved "https://registry.yarnpkg.com/cz-conventional-changelog/-/cz-conventional-changelog-2.1.0.tgz#2f4bc7390e3244e4df293e6ba351e4c740a7c764"
  dependencies:
    conventional-commit-types "^2.0.0"
    lodash.map "^4.5.1"
    longest "^1.0.1"
    right-pad "^1.0.1"
    word-wrap "^1.0.3"

debug@3.1.0:
  version "3.1.0"
  resolved "https://registry.yarnpkg.com/debug/-/debug-3.1.0.tgz#5bb5a0672628b64149566ba16819e61518c67261"
  dependencies:
    ms "2.0.0"

define-properties@^1.0.1, define-properties@^1.1.2:
  version "1.1.2"
  resolved "https://registry.yarnpkg.com/define-properties/-/define-properties-1.1.2.tgz#83a73f2fea569898fb737193c8f873caf6d45c94"
  dependencies:
    foreach "^2.0.5"
    object-keys "^1.0.8"

diff@3.3.1:
  version "3.3.1"
  resolved "https://registry.yarnpkg.com/diff/-/diff-3.3.1.tgz#aa8567a6eed03c531fc89d3f711cd0e5259dec75"

es-abstract@^1.2.1, es-abstract@^1.4.3, es-abstract@^1.5.1, es-abstract@^1.6.1, es-abstract@^1.7.0:
  version "1.10.0"
  resolved "https://registry.yarnpkg.com/es-abstract/-/es-abstract-1.10.0.tgz#1ecb36c197842a00d8ee4c2dfd8646bb97d60864"
  dependencies:
    es-to-primitive "^1.1.1"
    function-bind "^1.1.1"
    has "^1.0.1"
    is-callable "^1.1.3"
    is-regex "^1.0.4"

es-to-primitive@^1.1.1:
  version "1.1.1"
  resolved "https://registry.yarnpkg.com/es-to-primitive/-/es-to-primitive-1.1.1.tgz#45355248a88979034b6792e19bb81f2b7975dd0d"
  dependencies:
    is-callable "^1.1.1"
    is-date-object "^1.0.1"
    is-symbol "^1.0.1"

es7-shim@^6.0.0:
  version "6.0.0"
  resolved "https://registry.yarnpkg.com/es7-shim/-/es7-shim-6.0.0.tgz#0c430b40b8505ad15570721a8d8dd4eb0c553155"
  dependencies:
    array-includes "^3.0.2"
    object.entries "^1.0.3"
    object.getownpropertydescriptors "^2.0.2"
    object.values "^1.0.3"
    string-at "^1.0.1"
    string.prototype.padend "^3.0.0"
    string.prototype.padstart "^3.0.0"
    string.prototype.trimleft "^2.0.0"
    string.prototype.trimright "^2.0.0"

escape-string-regexp@1.0.5:
  version "1.0.5"
  resolved "https://registry.yarnpkg.com/escape-string-regexp/-/escape-string-regexp-1.0.5.tgz#1b61c0562190a8dff6ae3bb2cf0200ca130b86d4"

foreach@^2.0.5:
  version "2.0.5"
  resolved "https://registry.yarnpkg.com/foreach/-/foreach-2.0.5.tgz#0bee005018aeb260d0a3af3ae658dd0136ec1b99"

fs.realpath@^1.0.0:
  version "1.0.0"
  resolved "https://registry.yarnpkg.com/fs.realpath/-/fs.realpath-1.0.0.tgz#1504ad2523158caa40db4a2787cb01411994ea4f"

function-bind@^1.0.2, function-bind@^1.1.0, function-bind@^1.1.1:
  version "1.1.1"
  resolved "https://registry.yarnpkg.com/function-bind/-/function-bind-1.1.1.tgz#a56899d3ea3c9bab874bb9773b7c5ede92f4895d"

glob@7.1.2:
  version "7.1.2"
  resolved "https://registry.yarnpkg.com/glob/-/glob-7.1.2.tgz#c19c9df9a028702d678612384a6552404c636d15"
  dependencies:
    fs.realpath "^1.0.0"
    inflight "^1.0.4"
    inherits "2"
    minimatch "^3.0.4"
    once "^1.3.0"
    path-is-absolute "^1.0.0"

growl@1.10.3:
  version "1.10.3"
  resolved "https://registry.yarnpkg.com/growl/-/growl-1.10.3.tgz#1926ba90cf3edfe2adb4927f5880bc22c66c790f"

has-flag@^2.0.0:
  version "2.0.0"
  resolved "https://registry.yarnpkg.com/has-flag/-/has-flag-2.0.0.tgz#e8207af1cc7b30d446cc70b734b5e8be18f88d51"

has@^1.0.1:
  version "1.0.1"
  resolved "https://registry.yarnpkg.com/has/-/has-1.0.1.tgz#8461733f538b0837c9361e39a9ab9e9704dc2f28"
  dependencies:
    function-bind "^1.0.2"

hash.js@^1.0.3:
  version "1.1.3"
  resolved "https://registry.yarnpkg.com/hash.js/-/hash.js-1.1.3.tgz#340dedbe6290187151c1ea1d777a3448935df846"
  dependencies:
    inherits "^2.0.3"
    minimalistic-assert "^1.0.0"

he@1.1.1:
  version "1.1.1"
  resolved "https://registry.yarnpkg.com/he/-/he-1.1.1.tgz#93410fd21b009735151f8868c2f271f3427e23fd"

inflight@^1.0.4:
  version "1.0.6"
  resolved "https://registry.yarnpkg.com/inflight/-/inflight-1.0.6.tgz#49bd6331d7d02d0c09bc910a1075ba8165b56df9"
  dependencies:
    once "^1.3.0"
    wrappy "1"

inherits@2, inherits@^2.0.3:
  version "2.0.3"
  resolved "https://registry.yarnpkg.com/inherits/-/inherits-2.0.3.tgz#633c2c83e3da42a502f52466022480f4208261de"

is-callable@^1.1.1, is-callable@^1.1.3:
  version "1.1.3"
  resolved "https://registry.yarnpkg.com/is-callable/-/is-callable-1.1.3.tgz#86eb75392805ddc33af71c92a0eedf74ee7604b2"

is-date-object@^1.0.1:
  version "1.0.1"
  resolved "https://registry.yarnpkg.com/is-date-object/-/is-date-object-1.0.1.tgz#9aa20eb6aeebbff77fbd33e74ca01b33581d3a16"

is-regex@^1.0.4:
  version "1.0.4"
  resolved "https://registry.yarnpkg.com/is-regex/-/is-regex-1.0.4.tgz#5517489b547091b0930e095654ced25ee97e9491"
  dependencies:
    has "^1.0.1"

is-symbol@^1.0.1:
  version "1.0.1"
  resolved "https://registry.yarnpkg.com/is-symbol/-/is-symbol-1.0.1.tgz#3cc59f00025194b6ab2e38dbae6689256b660572"

json-to-ts@^1.5.4:
  version "1.5.4"
  resolved "https://registry.yarnpkg.com/json-to-ts/-/json-to-ts-1.5.4.tgz#03a0fa65bccfb7378652c69cab4529a99078470d"
  dependencies:
    es7-shim "^6.0.0"
    hash.js "^1.0.3"
    pluralize "^3.1.0"

lodash.map@^4.5.1:
  version "4.6.0"
  resolved "https://registry.yarnpkg.com/lodash.map/-/lodash.map-4.6.0.tgz#771ec7839e3473d9c4cde28b19394c3562f4f6d3"

longest@^1.0.1:
  version "1.0.1"
  resolved "https://registry.yarnpkg.com/longest/-/longest-1.0.1.tgz#30a0b2da38f73770e8294a0d22e6625ed77d0097"

minimalistic-assert@^1.0.0:
  version "1.0.0"
  resolved "https://registry.yarnpkg.com/minimalistic-assert/-/minimalistic-assert-1.0.0.tgz#702be2dda6b37f4836bcb3f5db56641b64a1d3d3"

minimatch@^3.0.4:
  version "3.0.4"
  resolved "https://registry.yarnpkg.com/minimatch/-/minimatch-3.0.4.tgz#5166e286457f03306064be5497e8dbb0c3d32083"
  dependencies:
    brace-expansion "^1.1.7"

minimist@0.0.8:
  version "0.0.8"
  resolved "https://registry.yarnpkg.com/minimist/-/minimist-0.0.8.tgz#857fcabfc3397d2625b8228262e86aa7a011b05d"

minimist@^1.2.0:
  version "1.2.0"
  resolved "https://registry.yarnpkg.com/minimist/-/minimist-1.2.0.tgz#a35008b20f41383eec1fb914f4cd5df79a264284"

mkdirp@0.5.1:
  version "0.5.1"
  resolved "https://registry.yarnpkg.com/mkdirp/-/mkdirp-0.5.1.tgz#30057438eac6cf7f8c4767f38648d6697d75c903"
  dependencies:
    minimist "0.0.8"

mocha@^4.1.0:
  version "4.1.0"
  resolved "https://registry.yarnpkg.com/mocha/-/mocha-4.1.0.tgz#7d86cfbcf35cb829e2754c32e17355ec05338794"
  dependencies:
    browser-stdout "1.3.0"
    commander "2.11.0"
    debug "3.1.0"
    diff "3.3.1"
    escape-string-regexp "1.0.5"
    glob "7.1.2"
    growl "1.10.3"
    he "1.1.1"
    mkdirp "0.5.1"
    supports-color "4.4.0"

module-exists@^0.1.1:
  version "0.1.1"
  resolved "https://registry.yarnpkg.com/module-exists/-/module-exists-0.1.1.tgz#55921b412bdf7f77247b668beb9aa6cf893a2085"

ms@2.0.0:
  version "2.0.0"
  resolved "https://registry.yarnpkg.com/ms/-/ms-2.0.0.tgz#5608aeadfc00be6c2901df5f9861788de0d597c8"

object-keys@^1.0.8:
  version "1.0.11"
  resolved "https://registry.yarnpkg.com/object-keys/-/object-keys-1.0.11.tgz#c54601778ad560f1142ce0e01bcca8b56d13426d"

object.entries@^1.0.3:
  version "1.0.4"
  resolved "https://registry.yarnpkg.com/object.entries/-/object.entries-1.0.4.tgz#1bf9a4dd2288f5b33f3a993d257661f05d161a5f"
  dependencies:
    define-properties "^1.1.2"
    es-abstract "^1.6.1"
    function-bind "^1.1.0"
    has "^1.0.1"

object.getownpropertydescriptors@^2.0.2:
  version "2.0.3"
  resolved "https://registry.yarnpkg.com/object.getownpropertydescriptors/-/object.getownpropertydescriptors-2.0.3.tgz#8758c846f5b407adab0f236e0986f14b051caa16"
  dependencies:
    define-properties "^1.1.2"
    es-abstract "^1.5.1"

object.values@^1.0.3:
  version "1.0.4"
  resolved "https://registry.yarnpkg.com/object.values/-/object.values-1.0.4.tgz#e524da09b4f66ff05df457546ec72ac99f13069a"
  dependencies:
    define-properties "^1.1.2"
    es-abstract "^1.6.1"
    function-bind "^1.1.0"
    has "^1.0.1"

once@^1.3.0:
  version "1.4.0"
  resolved "https://registry.yarnpkg.com/once/-/once-1.4.0.tgz#583b1aa775961d4b113ac17d9c50baef9dd76bd1"
  dependencies:
    wrappy "1"

path-is-absolute@^1.0.0:
  version "1.0.1"
  resolved "https://registry.yarnpkg.com/path-is-absolute/-/path-is-absolute-1.0.1.tgz#174b9268735534ffbc7ace6bf53a5a9e1b5c5f5f"

pluralize@^3.1.0:
  version "3.1.0"
  resolved "https://registry.yarnpkg.com/pluralize/-/pluralize-3.1.0.tgz#84213d0a12356069daa84060c559242633161368"

ramda@^0.25.0:
  version "0.25.0"
  resolved "https://registry.yarnpkg.com/ramda/-/ramda-0.25.0.tgz#8fdf68231cffa90bc2f9460390a0cb74a29b29a9"

right-pad@^1.0.1:
  version "1.0.1"
  resolved "https://registry.yarnpkg.com/right-pad/-/right-pad-1.0.1.tgz#8ca08c2cbb5b55e74dafa96bf7fd1a27d568c8d0"

string-at@^1.0.1:
  version "1.0.1"
  resolved "https://registry.yarnpkg.com/string-at/-/string-at-1.0.1.tgz#73b755adbaac3e178dabe7e4d7d79de56003fb37"
  dependencies:
    define-properties "^1.0.1"
    es-abstract "^1.2.1"
    function-bind "^1.0.2"

string.prototype.padend@^3.0.0:
  version "3.0.0"
  resolved "https://registry.yarnpkg.com/string.prototype.padend/-/string.prototype.padend-3.0.0.tgz#f3aaef7c1719f170c5eab1c32bf780d96e21f2f0"
  dependencies:
    define-properties "^1.1.2"
    es-abstract "^1.4.3"
    function-bind "^1.0.2"

string.prototype.padstart@^3.0.0:
  version "3.0.0"
  resolved "https://registry.yarnpkg.com/string.prototype.padstart/-/string.prototype.padstart-3.0.0.tgz#5bcfad39f4649bb2d031292e19bcf0b510d4b242"
  dependencies:
    define-properties "^1.1.2"
    es-abstract "^1.4.3"
    function-bind "^1.0.2"

string.prototype.trimleft@^2.0.0:
  version "2.0.0"
  resolved "https://registry.yarnpkg.com/string.prototype.trimleft/-/string.prototype.trimleft-2.0.0.tgz#68b6aa8e162c6a80e76e3a8a0c2e747186e271ff"
  dependencies:
    define-properties "^1.1.2"
    function-bind "^1.0.2"

string.prototype.trimright@^2.0.0:
  version "2.0.0"
  resolved "https://registry.yarnpkg.com/string.prototype.trimright/-/string.prototype.trimright-2.0.0.tgz#ab4a56d802a01fbe7293e11e84f24dc8164661dd"
  dependencies:
    define-properties "^1.1.2"
    function-bind "^1.0.2"

supports-color@4.4.0:
  version "4.4.0"
  resolved "https://registry.yarnpkg.com/supports-color/-/supports-color-4.4.0.tgz#883f7ddabc165142b2a61427f3352ded195d1a3e"
  dependencies:
    has-flag "^2.0.0"

typescript@^2.6.2:
  version "2.6.2"
  resolved "https://registry.yarnpkg.com/typescript/-/typescript-2.6.2.tgz#3c5b6fd7f6de0914269027f03c0946758f7673a4"

word-wrap@^1.0.3:
  version "1.2.3"
  resolved "https://registry.yarnpkg.com/word-wrap/-/word-wrap-1.2.3.tgz#610636f6b1f703891bd34771ccb17fb93b47079c"

wrappy@1:
  version "1.0.2"
  resolved "https://registry.yarnpkg.com/wrappy/-/wrappy-1.0.2.tgz#b5243d8f3ec1aa35f1364605bc0d1036e30ab69f"
